
Microsoft Visual Studio Solution File, Format Version 12.00
# Visual Studio Version 17
VisualStudioVersion = 17.10.34928.147
MinimumVisualStudioVersion = 10.0.40219.1
Project("{888888A0-9F3D-457C-B088-3A5042F75D52}") = "Searcher", "Searcher.pyproj", "{2EB04711-353C-48DF-845F-BF258E662C37}"
EndProject
Global
	GlobalSection(SolutionConfigurationPlatforms) = preSolution
		Debug|Any CPU = Debug|Any CPU
		Release|Any CPU = Release|Any CPU
	EndGlobalSection
	GlobalSection(ProjectConfigurationPlatforms) = postSolution
		{2EB04711-353C-48DF-845F-BF258E662C37}.Debug|Any CPU.ActiveCfg = Debug|Any CPU
		{2EB04711-353C-48DF-845F-BF258E662C37}.Release|Any CPU.ActiveCfg = Release|Any CPU
	EndGlobalSection
	GlobalSection(SolutionProperties) = preSolution
		HideSolutionNode = FALSE
	EndGlobalSection
	GlobalSection(ExtensibilityGlobals) = postSolution
		SolutionGuid = {5F300F34-F0FC-48BE-B252-EDB20E720FBE}
	EndGlobalSection
EndGlobal
